
Microsoft Visual Studio Solution File, Format Version 12.00
# Visual Studio Version 16
VisualStudioVersion = 16.0.31112.23
MinimumVisualStudioVersion = 10.0.40219.1
Project("{FAE04EC0-301F-11D3-BF4B-00C04F79EFBC}") = "Randoms", "Randoms\Randoms.csproj", "{C581EB1F-5547-4EDB-A529-15BC21D41A9F}"
EndProject
Global
	GlobalSection(SolutionConfigurationPlatforms) = preSolution
		Debug|Any CPU = Debug|Any CPU
		Release|Any CPU = Release|Any CPU
	EndGlobalSection
	GlobalSection(ProjectConfigurationPlatforms) = postSolution
		{C581EB1F-5547-4EDB-A529-15BC21D41A9F}.Debug|Any CPU.ActiveCfg = Debug|Any CPU
		{C581EB1F-5547-4EDB-A529-15BC21D41A9F}.Debug|Any CPU.Build.0 = Debug|Any CPU
		{C581EB1F-5547-4EDB-A529-15BC21D41A9F}.Release|Any CPU.ActiveCfg = Release|Any CPU
		{C581EB1F-5547-4EDB-A529-15BC21D41A9F}.Release|Any CPU.Build.0 = Release|Any CPU
	EndGlobalSection
	GlobalSection(SolutionProperties) = preSolution
		HideSolutionNode = FALSE
	EndGlobalSection
	GlobalSection(ExtensibilityGlobals) = postSolution
		SolutionGuid = {01E83D2F-DDD0-4AF1-8B7B-F5DB0E1773CC}
	EndGlobalSection
EndGlobal
